
Microsoft Visual Studio Solution File, Format Version 12.00
# Visual Studio Version 16
VisualStudioVersion = 16.0.31727.386
MinimumVisualStudioVersion = 10.0.40219.1
Project("{F184B08F-C81C-45F6-A57F-5ABD9991F28F}") = "PHYS102", "PHYS102.vbproj", "{841BB194-B555-4997-903D-6259449E7036}"
EndProject
Global
	GlobalSection(SolutionConfigurationPlatforms) = preSolution
		Debug|Any CPU = Debug|Any CPU
		Release|Any CPU = Release|Any CPU
	EndGlobalSection
	GlobalSection(ProjectConfigurationPlatforms) = postSolution
		{841BB194-B555-4997-903D-6259449E7036}.Debug|Any CPU.ActiveCfg = Debug|Any CPU
		{841BB194-B555-4997-903D-6259449E7036}.Debug|Any CPU.Build.0 = Debug|Any CPU
		{841BB194-B555-4997-903D-6259449E7036}.Release|Any CPU.ActiveCfg = Release|Any CPU
		{841BB194-B555-4997-903D-6259449E7036}.Release|Any CPU.Build.0 = Release|Any CPU
	EndGlobalSection
	GlobalSection(SolutionProperties) = preSolution
		HideSolutionNode = FALSE
	EndGlobalSection
	GlobalSection(ExtensibilityGlobals) = postSolution
		SolutionGuid = {CB52F36D-167E-4CEC-AF2E-D25EC99E0A9B}
	EndGlobalSection
EndGlobal
